
Microsoft Visual Studio Solution File, Format Version 12.00
# Visual Studio 2017
Project("{FAE04EC0-301F-11D3-BF4B-00C04F79EFBC}") = "AngryBird0221", "AngryBird0221.csproj", "{1425507B-BC7A-7E94-FB89-3374196250F3}"
EndProject
Global
	GlobalSection(SolutionConfigurationPlatforms) = preSolution
		Debug|Any CPU = Debug|Any CPU
		Release|Any CPU = Release|Any CPU
	EndGlobalSection
	GlobalSection(ProjectConfigurationPlatforms) = postSolution
		{1425507B-BC7A-7E94-FB89-3374196250F3}.Debug|Any CPU.ActiveCfg = Debug|Any CPU
		{1425507B-BC7A-7E94-FB89-3374196250F3}.Debug|Any CPU.Build.0 = Debug|Any CPU
		{1425507B-BC7A-7E94-FB89-3374196250F3}.Release|Any CPU.ActiveCfg = Release|Any CPU
		{1425507B-BC7A-7E94-FB89-3374196250F3}.Release|Any CPU.Build.0 = Release|Any CPU
	EndGlobalSection
	GlobalSection(SolutionProperties) = preSolution
		HideSolutionNode = FALSE
	EndGlobalSection
EndGlobal
